// !$*UTF8*$!
{
	archiveVersion = 1;
	classes = {
	};
	objectVersion = 55;
	objects = {

/* Begin PBXBuildFile section */
		207D2C7D2862ACEE008FE742 /* HomeView.swift in Sources */ = {isa = PBXBuildFile; fileRef = 207D2C7C2862ACEE008FE742 /* HomeView.swift */; };
		207D2C812862AEB0008FE742 /* MusicView.swift in Sources */ = {isa = PBXBuildFile; fileRef = 207D2C802862AEB0008FE742 /* MusicView.swift */; };
		207D2C842862AEE9008FE742 /* AnalyticView.swift in Sources */ = {isa = PBXBuildFile; fileRef = 207D2C832862AEE9008FE742 /* AnalyticView.swift */; };
		20FA8559286A974C0094F644 /* ScheduleView.swift in Sources */ = {isa = PBXBuildFile; fileRef = 20FA8558286A974C0094F644 /* ScheduleView.swift */; };
		AA36903528602FD600593328 /* SleepApp.swift in Sources */ = {isa = PBXBuildFile; fileRef = AA36903428602FD600593328 /* SleepApp.swift */; };
		AA36903728602FD600593328 /* ContentView.swift in Sources */ = {isa = PBXBuildFile; fileRef = AA36903628602FD600593328 /* ContentView.swift */; };
		AA36903928602FD700593328 /* Assets.xcassets in Resources */ = {isa = PBXBuildFile; fileRef = AA36903828602FD700593328 /* Assets.xcassets */; };
		AA36903C28602FD700593328 /* Preview Assets.xcassets in Resources */ = {isa = PBXBuildFile; fileRef = AA36903B28602FD700593328 /* Preview Assets.xcassets */; };
		AA3690682864870400593328 /* HealthStore.swift in Sources */ = {isa = PBXBuildFile; fileRef = AA3690672864870400593328 /* HealthStore.swift */; };
		AA36906A2864879D00593328 /* DateExtension.swift in Sources */ = {isa = PBXBuildFile; fileRef = AA3690692864879D00593328 /* DateExtension.swift */; };
		AA36906C286487BA00593328 /* TimeIntervalExtension.swift in Sources */ = {isa = PBXBuildFile; fileRef = AA36906B286487BA00593328 /* TimeIntervalExtension.swift */; };
		AA36906F2864882100593328 /* HealthKit.framework in Frameworks */ = {isa = PBXBuildFile; fileRef = AA36906E2864882100593328 /* HealthKit.framework */; };
		AA36907228648BF500593328 /* AnalyticViewModel.swift in Sources */ = {isa = PBXBuildFile; fileRef = AA36907128648BF400593328 /* AnalyticViewModel.swift */; };
		AA36907428649F8A00593328 /* SleepActivity.swift in Sources */ = {isa = PBXBuildFile; fileRef = AA36907328649F8A00593328 /* SleepActivity.swift */; };
		AA3690762865B0FA00593328 /* BlurView.swift in Sources */ = {isa = PBXBuildFile; fileRef = AA3690752865B0FA00593328 /* BlurView.swift */; };
		AA3690782865B3BE00593328 /* PlayerView.swift in Sources */ = {isa = PBXBuildFile; fileRef = AA3690772865B3BE00593328 /* PlayerView.swift */; };
		AA79D293287D13DF002EB787 /* ViewExtension.swift in Sources */ = {isa = PBXBuildFile; fileRef = AA79D292287D13DF002EB787 /* ViewExtension.swift */; };
		AAAA5459286AA6C30077E501 /* PlayingListView.swift in Sources */ = {isa = PBXBuildFile; fileRef = AAAA5458286AA6C30077E501 /* PlayingListView.swift */; };
		AAEF797E286737C8006A6F99 /* Music.swift in Sources */ = {isa = PBXBuildFile; fileRef = AAEF797D286737C8006A6F99 /* Music.swift */; };
		AAEF798028673895006A6F99 /* MusicViewModel.swift in Sources */ = {isa = PBXBuildFile; fileRef = AAEF797F28673895006A6F99 /* MusicViewModel.swift */; };
		AAF80136286C10230026AF1D /* mod_av_forest.mp3 in Resources */ = {isa = PBXBuildFile; fileRef = AAF80133286C10230026AF1D /* mod_av_forest.mp3 */; };
		AAF80137286C10230026AF1D /* mod_av_nature.mp3 in Resources */ = {isa = PBXBuildFile; fileRef = AAF80134286C10230026AF1D /* mod_av_nature.mp3 */; };
		AAF80138286C10230026AF1D /* mod_piano_av.mp3 in Resources */ = {isa = PBXBuildFile; fileRef = AAF80135286C10230026AF1D /* mod_piano_av.mp3 */; };
/* End PBXBuildFile section */

/* Begin PBXFileReference section */
		207D2C7C2862ACEE008FE742 /* HomeView.swift */ = {isa = PBXFileReference; lastKnownFileType = sourcecode.swift; path = HomeView.swift; sourceTree = "<group>"; };
		207D2C802862AEB0008FE742 /* MusicView.swift */ = {isa = PBXFileReference; lastKnownFileType = sourcecode.swift; path = MusicView.swift; sourceTree = "<group>"; };
		207D2C832862AEE9008FE742 /* AnalyticView.swift */ = {isa = PBXFileReference; lastKnownFileType = sourcecode.swift; path = AnalyticView.swift; sourceTree = "<group>"; };
		20FA8558286A974C0094F644 /* ScheduleView.swift */ = {isa = PBXFileReference; lastKnownFileType = sourcecode.swift; path = ScheduleView.swift; sourceTree = "<group>"; };
		AA36903128602FD600593328 /* Sleepify.app */ = {isa = PBXFileReference; explicitFileType = wrapper.application; includeInIndex = 0; path = Sleepify.app; sourceTree = BUILT_PRODUCTS_DIR; };
		AA36903428602FD600593328 /* SleepApp.swift */ = {isa = PBXFileReference; lastKnownFileType = sourcecode.swift; path = SleepApp.swift; sourceTree = "<group>"; };
		AA36903628602FD600593328 /* ContentView.swift */ = {isa = PBXFileReference; lastKnownFileType = sourcecode.swift; path = ContentView.swift; sourceTree = "<group>"; };
		AA36903828602FD700593328 /* Assets.xcassets */ = {isa = PBXFileReference; lastKnownFileType = folder.assetcatalog; path = Assets.xcassets; sourceTree = "<group>"; };
		AA36903B28602FD700593328 /* Preview Assets.xcassets */ = {isa = PBXFileReference; lastKnownFileType = folder.assetcatalog; path = "Preview Assets.xcassets"; sourceTree = "<group>"; };
		AA3690672864870400593328 /* HealthStore.swift */ = {isa = PBXFileReference; lastKnownFileType = sourcecode.swift; path = HealthStore.swift; sourceTree = "<group>"; };
		AA3690692864879D00593328 /* DateExtension.swift */ = {isa = PBXFileReference; lastKnownFileType = sourcecode.swift; path = DateExtension.swift; sourceTree = "<group>"; };
		AA36906B286487BA00593328 /* TimeIntervalExtension.swift */ = {isa = PBXFileReference; lastKnownFileType = sourcecode.swift; path = TimeIntervalExtension.swift; sourceTree = "<group>"; };
		AA36906E2864882100593328 /* HealthKit.framework */ = {isa = PBXFileReference; lastKnownFileType = wrapper.framework; name = HealthKit.framework; path = System/Library/Frameworks/HealthKit.framework; sourceTree = SDKROOT; };
		AA3690702864886E00593328 /* Sleep.entitlements */ = {isa = PBXFileReference; lastKnownFileType = text.plist.entitlements; path = Sleep.entitlements; sourceTree = "<group>"; };
		AA36907128648BF400593328 /* AnalyticViewModel.swift */ = {isa = PBXFileReference; lastKnownFileType = sourcecode.swift; path = AnalyticViewModel.swift; sourceTree = "<group>"; };
		AA36907328649F8A00593328 /* SleepActivity.swift */ = {isa = PBXFileReference; lastKnownFileType = sourcecode.swift; path = SleepActivity.swift; sourceTree = "<group>"; };
		AA3690752865B0FA00593328 /* BlurView.swift */ = {isa = PBXFileReference; lastKnownFileType = sourcecode.swift; path = BlurView.swift; sourceTree = "<group>"; };
		AA3690772865B3BE00593328 /* PlayerView.swift */ = {isa = PBXFileReference; lastKnownFileType = sourcecode.swift; path = PlayerView.swift; sourceTree = "<group>"; };
		AA79D292287D13DF002EB787 /* ViewExtension.swift */ = {isa = PBXFileReference; lastKnownFileType = sourcecode.swift; path = ViewExtension.swift; sourceTree = "<group>"; };
		AA79D291287D0BCB002EB787 /* Info.plist */ = {isa = PBXFileReference; lastKnownFileType = text.plist; path = Info.plist; sourceTree = "<group>"; };
		AAAA5458286AA6C30077E501 /* PlayingListView.swift */ = {isa = PBXFileReference; lastKnownFileType = sourcecode.swift; path = PlayingListView.swift; sourceTree = "<group>"; };
		AAEF797D286737C8006A6F99 /* Music.swift */ = {isa = PBXFileReference; lastKnownFileType = sourcecode.swift; path = Music.swift; sourceTree = "<group>"; };
		AAEF797F28673895006A6F99 /* MusicViewModel.swift */ = {isa = PBXFileReference; lastKnownFileType = sourcecode.swift; path = MusicViewModel.swift; sourceTree = "<group>"; };
		AAF80133286C10230026AF1D /* mod_av_forest.mp3 */ = {isa = PBXFileReference; lastKnownFileType = audio.mp3; name = mod_av_forest.mp3; path = ../../../../../Downloads/mod_av_forest.mp3; sourceTree = "<group>"; };
		AAF80134286C10230026AF1D /* mod_av_nature.mp3 */ = {isa = PBXFileReference; lastKnownFileType = audio.mp3; name = mod_av_nature.mp3; path = ../../../../../Downloads/mod_av_nature.mp3; sourceTree = "<group>"; };
		AAF80135286C10230026AF1D /* mod_piano_av.mp3 */ = {isa = PBXFileReference; lastKnownFileType = audio.mp3; name = mod_piano_av.mp3; path = ../../../../../Downloads/mod_piano_av.mp3; sourceTree = "<group>"; };
/* End PBXFileReference section */

/* Begin PBXFrameworksBuildPhase section */
		AA36902E28602FD600593328 /* Frameworks */ = {
			isa = PBXFrameworksBuildPhase;
			buildActionMask = 2147483647;
			files = (
				AA36906F2864882100593328 /* HealthKit.framework in Frameworks */,
			);
			runOnlyForDeploymentPostprocessing = 0;
		};
/* End PBXFrameworksBuildPhase section */

/* Begin PBXGroup section */
		207D2C7B2862ACBE008FE742 /* Home */ = {
			isa = PBXGroup;
			children = (
				AA3690752865B0FA00593328 /* BlurView.swift */,
				207D2C7C2862ACEE008FE742 /* HomeView.swift */,
			);
			path = Home;
			sourceTree = "<group>";
		};
		207D2C7F2862AE91008FE742 /* Music */ = {
			isa = PBXGroup;
			children = (
				207D2C802862AEB0008FE742 /* MusicView.swift */,
				AA3690772865B3BE00593328 /* PlayerView.swift */,
				AAEF797D286737C8006A6F99 /* Music.swift */,
				AAEF797F28673895006A6F99 /* MusicViewModel.swift */,
				AAAA5458286AA6C30077E501 /* PlayingListView.swift */,
			);
			path = Music;
			sourceTree = "<group>";
		};
		207D2C822862AECE008FE742 /* Analytic */ = {
			isa = PBXGroup;
			children = (
				207D2C832862AEE9008FE742 /* AnalyticView.swift */,
				AA36907128648BF400593328 /* AnalyticViewModel.swift */,
				AA36907328649F8A00593328 /* SleepActivity.swift */,
			);
			path = Analytic;
			sourceTree = "<group>";
		};
		AA36902828602FD600593328 = {
			isa = PBXGroup;
			children = (
				AA36903328602FD600593328 /* Sleep */,
				AA36903228602FD600593328 /* Products */,
				AA36906D2864882100593328 /* Frameworks */,
			);
			sourceTree = "<group>";
		};
		AA36903228602FD600593328 /* Products */ = {
			isa = PBXGroup;
			children = (
				AA36903128602FD600593328 /* Sleepify.app */,
			);
			name = Products;
			sourceTree = "<group>";
		};
		AA36903328602FD600593328 /* Sleep */ = {
			isa = PBXGroup;
			children = (
				AA79D291287D0BCB002EB787 /* Info.plist */,
				AAEF798F28694554006A6F99 /* Resource */,
				AA3690702864886E00593328 /* Sleep.entitlements */,
				AA369066286486ED00593328 /* Helper */,
				207D2C822862AECE008FE742 /* Analytic */,
				AA36903428602FD600593328 /* SleepApp.swift */,
				20FA8558286A974C0094F644 /* ScheduleView.swift */,
				AA36903628602FD600593328 /* ContentView.swift */,
				207D2C7F2862AE91008FE742 /* Music */,
				207D2C7B2862ACBE008FE742 /* Home */,
				AA36903828602FD700593328 /* Assets.xcassets */,
				AA36903A28602FD700593328 /* Preview Content */,
			);
			path = Sleep;
			sourceTree = "<group>";
		};
		AA36903A28602FD700593328 /* Preview Content */ = {
			isa = PBXGroup;
			children = (
				AA36903B28602FD700593328 /* Preview Assets.xcassets */,
			);
			path = "Preview Content";
			sourceTree = "<group>";
		};
		AA369066286486ED00593328 /* Helper */ = {
			isa = PBXGroup;
			children = (
				AA3690672864870400593328 /* HealthStore.swift */,
				AA3690692864879D00593328 /* DateExtension.swift */,
				AA36906B286487BA00593328 /* TimeIntervalExtension.swift */,
				AA79D292287D13DF002EB787 /* ViewExtension.swift */,
			);
			path = Helper;
			sourceTree = "<group>";
		};
		AA36906D2864882100593328 /* Frameworks */ = {
			isa = PBXGroup;
			children = (
				AA36906E2864882100593328 /* HealthKit.framework */,
			);
			name = Frameworks;
			sourceTree = "<group>";
		};
		AAEF798F28694554006A6F99 /* Resource */ = {
			isa = PBXGroup;
			children = (
				AAF80133286C10230026AF1D /* mod_av_forest.mp3 */,
				AAF80134286C10230026AF1D /* mod_av_nature.mp3 */,
				AAF80135286C10230026AF1D /* mod_piano_av.mp3 */,
			);
			path = Resource;
			sourceTree = "<group>";
		};
/* End PBXGroup section */

/* Begin PBXNativeTarget section */
		AA36903028602FD600593328 /* Sleep */ = {
			isa = PBXNativeTarget;
			buildConfigurationList = AA36903F28602FD700593328 /* Build configuration list for PBXNativeTarget "Sleep" */;
			buildPhases = (
				AA36902D28602FD600593328 /* Sources */,
				AA36902E28602FD600593328 /* Frameworks */,
				AA36902F28602FD600593328 /* Resources */,
			);
			buildRules = (
			);
			dependencies = (
			);
			name = Sleep;
			productName = Sleep;
			productReference = AA36903128602FD600593328 /* Sleepify.app */;
			productType = "com.apple.product-type.application";
		};
/* End PBXNativeTarget section */

/* Begin PBXProject section */
		AA36902928602FD600593328 /* Project object */ = {
			isa = PBXProject;
			attributes = {
				BuildIndependentTargetsInParallel = 1;
				LastSwiftUpdateCheck = 1340;
				LastUpgradeCheck = 1340;
				TargetAttributes = {
					AA36903028602FD600593328 = {
						CreatedOnToolsVersion = 13.4.1;
					};
				};
			};
			buildConfigurationList = AA36902C28602FD600593328 /* Build configuration list for PBXProject "Sleep" */;
			compatibilityVersion = "Xcode 13.0";
			developmentRegion = en;
			hasScannedForEncodings = 0;
			knownRegions = (
				en,
				Base,
			);
			mainGroup = AA36902828602FD600593328;
			productRefGroup = AA36903228602FD600593328 /* Products */;
			projectDirPath = "";
			projectRoot = "";
			targets = (
				AA36903028602FD600593328 /* Sleep */,
			);
		};
/* End PBXProject section */

/* Begin PBXResourcesBuildPhase section */
		AA36902F28602FD600593328 /* Resources */ = {
			isa = PBXResourcesBuildPhase;
			buildActionMask = 2147483647;
			files = (
				AA36903C28602FD700593328 /* Preview Assets.xcassets in Resources */,
				AAF80138286C10230026AF1D /* mod_piano_av.mp3 in Resources */,
				AAF80136286C10230026AF1D /* mod_av_forest.mp3 in Resources */,
				AA36903928602FD700593328 /* Assets.xcassets in Resources */,
				AAF80137286C10230026AF1D /* mod_av_nature.mp3 in Resources */,
			);
			runOnlyForDeploymentPostprocessing = 0;
		};
/* End PBXResourcesBuildPhase section */

/* Begin PBXSourcesBuildPhase section */
		AA36902D28602FD600593328 /* Sources */ = {
			isa = PBXSourcesBuildPhase;
			buildActionMask = 2147483647;
			files = (
				207D2C842862AEE9008FE742 /* AnalyticView.swift in Sources */,
				AAEF797E286737C8006A6F99 /* Music.swift in Sources */,
				AAEF798028673895006A6F99 /* MusicViewModel.swift in Sources */,
				AA36906A2864879D00593328 /* DateExtension.swift in Sources */,
				AA3690682864870400593328 /* HealthStore.swift in Sources */,
				20FA8559286A974C0094F644 /* ScheduleView.swift in Sources */,
				AA3690782865B3BE00593328 /* PlayerView.swift in Sources */,
				207D2C7D2862ACEE008FE742 /* HomeView.swift in Sources */,
				AA3690762865B0FA00593328 /* BlurView.swift in Sources */,
				AA36903728602FD600593328 /* ContentView.swift in Sources */,
				207D2C812862AEB0008FE742 /* MusicView.swift in Sources */,
				AA36907228648BF500593328 /* AnalyticViewModel.swift in Sources */,
				AA36903528602FD600593328 /* SleepApp.swift in Sources */,
				AAAA5459286AA6C30077E501 /* PlayingListView.swift in Sources */,
				AA79D293287D13DF002EB787 /* ViewExtension.swift in Sources */,
				AA36907428649F8A00593328 /* SleepActivity.swift in Sources */,
				AA36906C286487BA00593328 /* TimeIntervalExtension.swift in Sources */,
			);
			runOnlyForDeploymentPostprocessing = 0;
		};
/* End PBXSourcesBuildPhase section */

/* Begin XCBuildConfiguration section */
		AA36903D28602FD700593328 /* Debug */ = {
			isa = XCBuildConfiguration;
			buildSettings = {
				ALWAYS_SEARCH_USER_PATHS = NO;
				CLANG_ANALYZER_NONNULL = YES;
				CLANG_ANALYZER_NUMBER_OBJECT_CONVERSION = YES_AGGRESSIVE;
				CLANG_CXX_LANGUAGE_STANDARD = "gnu++17";
				CLANG_ENABLE_MODULES = YES;
				CLANG_ENABLE_OBJC_ARC = YES;
				CLANG_ENABLE_OBJC_WEAK = YES;
				CLANG_WARN_BLOCK_CAPTURE_AUTORELEASING = YES;
				CLANG_WARN_BOOL_CONVERSION = YES;
				CLANG_WARN_COMMA = YES;
				CLANG_WARN_CONSTANT_CONVERSION = YES;
				CLANG_WARN_DEPRECATED_OBJC_IMPLEMENTATIONS = YES;
				CLANG_WARN_DIRECT_OBJC_ISA_USAGE = YES_ERROR;
				CLANG_WARN_DOCUMENTATION_COMMENTS = YES;
				CLANG_WARN_EMPTY_BODY = YES;
				CLANG_WARN_ENUM_CONVERSION = YES;
				CLANG_WARN_INFINITE_RECURSION = YES;
				CLANG_WARN_INT_CONVERSION = YES;
				CLANG_WARN_NON_LITERAL_NULL_CONVERSION = YES;
				CLANG_WARN_OBJC_IMPLICIT_RETAIN_SELF = YES;
				CLANG_WARN_OBJC_LITERAL_CONVERSION = YES;
				CLANG_WARN_OBJC_ROOT_CLASS = YES_ERROR;
				CLANG_WARN_QUOTED_INCLUDE_IN_FRAMEWORK_HEADER = YES;
				CLANG_WARN_RANGE_LOOP_ANALYSIS = YES;
				CLANG_WARN_STRICT_PROTOTYPES = YES;
				CLANG_WARN_SUSPICIOUS_MOVE = YES;
				CLANG_WARN_UNGUARDED_AVAILABILITY = YES_AGGRESSIVE;
				CLANG_WARN_UNREACHABLE_CODE = YES;
				CLANG_WARN__DUPLICATE_METHOD_MATCH = YES;
				COPY_PHASE_STRIP = NO;
				DEBUG_INFORMATION_FORMAT = dwarf;
				ENABLE_STRICT_OBJC_MSGSEND = YES;
				ENABLE_TESTABILITY = YES;
				GCC_C_LANGUAGE_STANDARD = gnu11;
				GCC_DYNAMIC_NO_PIC = NO;
				GCC_NO_COMMON_BLOCKS = YES;
				GCC_OPTIMIZATION_LEVEL = 0;
				GCC_PREPROCESSOR_DEFINITIONS = (
					"DEBUG=1",
					"$(inherited)",
				);
				GCC_WARN_64_TO_32_BIT_CONVERSION = YES;
				GCC_WARN_ABOUT_RETURN_TYPE = YES_ERROR;
				GCC_WARN_UNDECLARED_SELECTOR = YES;
				GCC_WARN_UNINITIALIZED_AUTOS = YES_AGGRESSIVE;
				GCC_WARN_UNUSED_FUNCTION = YES;
				GCC_WARN_UNUSED_VARIABLE = YES;
				IPHONEOS_DEPLOYMENT_TARGET = 15.5;
				MTL_ENABLE_DEBUG_INFO = INCLUDE_SOURCE;
				MTL_FAST_MATH = YES;
				ONLY_ACTIVE_ARCH = YES;
				SDKROOT = iphoneos;
				SWIFT_ACTIVE_COMPILATION_CONDITIONS = DEBUG;
				SWIFT_OPTIMIZATION_LEVEL = "-Onone";
			};
			name = Debug;
		};
		AA36903E28602FD700593328 /* Release */ = {
			isa = XCBuildConfiguration;
			buildSettings = {
				ALWAYS_SEARCH_USER_PATHS = NO;
				CLANG_ANALYZER_NONNULL = YES;
				CLANG_ANALYZER_NUMBER_OBJECT_CONVERSION = YES_AGGRESSIVE;
				CLANG_CXX_LANGUAGE_STANDARD = "gnu++17";
				CLANG_ENABLE_MODULES = YES;
				CLANG_ENABLE_OBJC_ARC = YES;
				CLANG_ENABLE_OBJC_WEAK = YES;
				CLANG_WARN_BLOCK_CAPTURE_AUTORELEASING = YES;
				CLANG_WARN_BOOL_CONVERSION = YES;
				CLANG_WARN_COMMA = YES;
				CLANG_WARN_CONSTANT_CONVERSION = YES;
				CLANG_WARN_DEPRECATED_OBJC_IMPLEMENTATIONS = YES;
				CLANG_WARN_DIRECT_OBJC_ISA_USAGE = YES_ERROR;
				CLANG_WARN_DOCUMENTATION_COMMENTS = YES;
				CLANG_WARN_EMPTY_BODY = YES;
				CLANG_WARN_ENUM_CONVERSION = YES;
				CLANG_WARN_INFINITE_RECURSION = YES;
				CLANG_WARN_INT_CONVERSION = YES;
				CLANG_WARN_NON_LITERAL_NULL_CONVERSION = YES;
				CLANG_WARN_OBJC_IMPLICIT_RETAIN_SELF = YES;
				CLANG_WARN_OBJC_LITERAL_CONVERSION = YES;
				CLANG_WARN_OBJC_ROOT_CLASS = YES_ERROR;
				CLANG_WARN_QUOTED_INCLUDE_IN_FRAMEWORK_HEADER = YES;
				CLANG_WARN_RANGE_LOOP_ANALYSIS = YES;
				CLANG_WARN_STRICT_PROTOTYPES = YES;
				CLANG_WARN_SUSPICIOUS_MOVE = YES;
				CLANG_WARN_UNGUARDED_AVAILABILITY = YES_AGGRESSIVE;
				CLANG_WARN_UNREACHABLE_CODE = YES;
				CLANG_WARN__DUPLICATE_METHOD_MATCH = YES;
				COPY_PHASE_STRIP = NO;
				DEBUG_INFORMATION_FORMAT = "dwarf-with-dsym";
				ENABLE_NS_ASSERTIONS = NO;
				ENABLE_STRICT_OBJC_MSGSEND = YES;
				GCC_C_LANGUAGE_STANDARD = gnu11;
				GCC_NO_COMMON_BLOCKS = YES;
				GCC_WARN_64_TO_32_BIT_CONVERSION = YES;
				GCC_WARN_ABOUT_RETURN_TYPE = YES_ERROR;
				GCC_WARN_UNDECLARED_SELECTOR = YES;
				GCC_WARN_UNINITIALIZED_AUTOS = YES_AGGRESSIVE;
				GCC_WARN_UNUSED_FUNCTION = YES;
				GCC_WARN_UNUSED_VARIABLE = YES;
				IPHONEOS_DEPLOYMENT_TARGET = 15.5;
				MTL_ENABLE_DEBUG_INFO = NO;
				MTL_FAST_MATH = YES;
				SDKROOT = iphoneos;
				SWIFT_COMPILATION_MODE = wholemodule;
				SWIFT_OPTIMIZATION_LEVEL = "-O";
				VALIDATE_PRODUCT = YES;
			};
			name = Release;
		};
		AA36904028602FD700593328 /* Debug */ = {
			isa = XCBuildConfiguration;
			buildSettings = {
				ASSETCATALOG_COMPILER_APPICON_NAME = AppIcon;
				ASSETCATALOG_COMPILER_GLOBAL_ACCENT_COLOR_NAME = AccentColor;
				CODE_SIGN_ENTITLEMENTS = Sleep/Sleep.entitlements;
				CODE_SIGN_STYLE = Automatic;
				CURRENT_PROJECT_VERSION = 1;
				DEVELOPMENT_ASSET_PATHS = "\"Sleep/Preview Content\"";
				DEVELOPMENT_TEAM = 7A8Q75M3WV;
				ENABLE_PREVIEWS = YES;
				GENERATE_INFOPLIST_FILE = YES;
				INFOPLIST_FILE = Sleep/Info.plist;
				INFOPLIST_KEY_NSHealthShareUsageDescription = "Required to read healthkit data";
				INFOPLIST_KEY_NSHealthUpdateUsageDescription = "Required to use healthkit data";
				INFOPLIST_KEY_UIApplicationSceneManifest_Generation = YES;
				INFOPLIST_KEY_UIApplicationSupportsIndirectInputEvents = YES;
				INFOPLIST_KEY_UILaunchScreen_Generation = YES;
				INFOPLIST_KEY_UISupportedInterfaceOrientations_iPad = "UIInterfaceOrientationPortrait UIInterfaceOrientationPortraitUpsideDown UIInterfaceOrientationLandscapeLeft UIInterfaceOrientationLandscapeRight";
				INFOPLIST_KEY_UISupportedInterfaceOrientations_iPhone = "UIInterfaceOrientationPortrait UIInterfaceOrientationLandscapeLeft UIInterfaceOrientationLandscapeRight";
				LD_RUNPATH_SEARCH_PATHS = (
					"$(inherited)",
					"@executable_path/Frameworks",
				);
				MARKETING_VERSION = 1.1;
				PRODUCT_BUNDLE_IDENTIFIER = id.mobile.Sleepify;
				PRODUCT_NAME = Sleepify;
				SWIFT_EMIT_LOC_STRINGS = YES;
				SWIFT_VERSION = 5.0;
				TARGETED_DEVICE_FAMILY = "1,2";
			};
			name = Debug;
		};
		AA36904128602FD700593328 /* Release */ = {
			isa = XCBuildConfiguration;
			buildSettings = {
				ASSETCATALOG_COMPILER_APPICON_NAME = AppIcon;
				ASSETCATALOG_COMPILER_GLOBAL_ACCENT_COLOR_NAME = AccentColor;
				CODE_SIGN_ENTITLEMENTS = Sleep/Sleep.entitlements;
				CODE_SIGN_STYLE = Automatic;
				CURRENT_PROJECT_VERSION = 1;
				DEVELOPMENT_ASSET_PATHS = "\"Sleep/Preview Content\"";
				DEVELOPMENT_TEAM = 7A8Q75M3WV;
				ENABLE_PREVIEWS = YES;
				GENERATE_INFOPLIST_FILE = YES;
				INFOPLIST_FILE = Sleep/Info.plist;
				INFOPLIST_KEY_NSHealthShareUsageDescription = "Required to read healthkit data";
				INFOPLIST_KEY_NSHealthUpdateUsageDescription = "Required to use healthkit data";
				INFOPLIST_KEY_UIApplicationSceneManifest_Generation = YES;
				INFOPLIST_KEY_UIApplicationSupportsIndirectInputEvents = YES;
				INFOPLIST_KEY_UILaunchScreen_Generation = YES;
				INFOPLIST_KEY_UISupportedInterfaceOrientations_iPad = "UIInterfaceOrientationPortrait UIInterfaceOrientationPortraitUpsideDown UIInterfaceOrientationLandscapeLeft UIInterfaceOrientationLandscapeRight";
				INFOPLIST_KEY_UISupportedInterfaceOrientations_iPhone = "UIInterfaceOrientationPortrait UIInterfaceOrientationLandscapeLeft UIInterfaceOrientationLandscapeRight";
				LD_RUNPATH_SEARCH_PATHS = (
					"$(inherited)",
					"@executable_path/Frameworks",
				);
				MARKETING_VERSION = 1.1;
				PRODUCT_BUNDLE_IDENTIFIER = id.mobile.Sleepify;
				PRODUCT_NAME = Sleepify;
				SWIFT_EMIT_LOC_STRINGS = YES;
				SWIFT_VERSION = 5.0;
				TARGETED_DEVICE_FAMILY = "1,2";
			};
			name = Release;
		};
/* End XCBuildConfiguration section */

/* Begin XCConfigurationList section */
		AA36902C28602FD600593328 /* Build configuration list for PBXProject "Sleep" */ = {
			isa = XCConfigurationList;
			buildConfigurations = (
				AA36903D28602FD700593328 /* Debug */,
				AA36903E28602FD700593328 /* Release */,
			);
			defaultConfigurationIsVisible = 0;
			defaultConfigurationName = Release;
		};
		AA36903F28602FD700593328 /* Build configuration list for PBXNativeTarget "Sleep" */ = {
			isa = XCConfigurationList;
			buildConfigurations = (
				AA36904028602FD700593328 /* Debug */,
				AA36904128602FD700593328 /* Release */,
			);
			defaultConfigurationIsVisible = 0;
			defaultConfigurationName = Release;
		};
/* End XCConfigurationList section */
	};
	rootObject = AA36902928602FD600593328 /* Project object */;
}
